
Microsoft Visual Studio Solution File, Format Version 12.00
# Visual Studio Version 16
VisualStudioVersion = 16.0.31702.278
MinimumVisualStudioVersion = 10.0.40219.1
Project("{FAE04EC0-301F-11D3-BF4B-00C04F79EFBC}") = "POO2Ex3", "POO2Ex3.csproj", "{29B35AE1-7D4E-4BDC-8B20-4B8399EA40B1}"
EndProject
Global
	GlobalSection(SolutionConfigurationPlatforms) = preSolution
		Debug|Any CPU = Debug|Any CPU
		Release|Any CPU = Release|Any CPU
	EndGlobalSection
	GlobalSection(ProjectConfigurationPlatforms) = postSolution
		{29B35AE1-7D4E-4BDC-8B20-4B8399EA40B1}.Debug|Any CPU.ActiveCfg = Debug|Any CPU
		{29B35AE1-7D4E-4BDC-8B20-4B8399EA40B1}.Debug|Any CPU.Build.0 = Debug|Any CPU
		{29B35AE1-7D4E-4BDC-8B20-4B8399EA40B1}.Release|Any CPU.ActiveCfg = Release|Any CPU
		{29B35AE1-7D4E-4BDC-8B20-4B8399EA40B1}.Release|Any CPU.Build.0 = Release|Any CPU
	EndGlobalSection
	GlobalSection(SolutionProperties) = preSolution
		HideSolutionNode = FALSE
	EndGlobalSection
	GlobalSection(ExtensibilityGlobals) = postSolution
		SolutionGuid = {D07758E6-F32A-4550-99A0-8D724D450ACE}
	EndGlobalSection
EndGlobal
