
Microsoft Visual Studio Solution File, Format Version 12.00
# Visual Studio Version 16
VisualStudioVersion = 16.0.31702.278
MinimumVisualStudioVersion = 10.0.40219.1
Project("{FAE04EC0-301F-11D3-BF4B-00C04F79EFBC}") = "POO2Ex1", "POO2Ex1.csproj", "{FF476169-0C59-48AC-9C23-AFA6AB0B547F}"
EndProject
Global
	GlobalSection(SolutionConfigurationPlatforms) = preSolution
		Debug|Any CPU = Debug|Any CPU
		Release|Any CPU = Release|Any CPU
	EndGlobalSection
	GlobalSection(ProjectConfigurationPlatforms) = postSolution
		{FF476169-0C59-48AC-9C23-AFA6AB0B547F}.Debug|Any CPU.ActiveCfg = Debug|Any CPU
		{FF476169-0C59-48AC-9C23-AFA6AB0B547F}.Debug|Any CPU.Build.0 = Debug|Any CPU
		{FF476169-0C59-48AC-9C23-AFA6AB0B547F}.Release|Any CPU.ActiveCfg = Release|Any CPU
		{FF476169-0C59-48AC-9C23-AFA6AB0B547F}.Release|Any CPU.Build.0 = Release|Any CPU
	EndGlobalSection
	GlobalSection(SolutionProperties) = preSolution
		HideSolutionNode = FALSE
	EndGlobalSection
	GlobalSection(ExtensibilityGlobals) = postSolution
		SolutionGuid = {62D22D1E-1B72-4D48-8FB3-F2961A8D1BE0}
	EndGlobalSection
EndGlobal
